
Microsoft Visual Studio Solution File, Format Version 11.00
# Visual C++ Express 2010
Project("{8BC9CEB8-8B4A-11D0-8D11-00A0C91BC942}") = "jbMuscleSkin", "jbMuscleSkin\jbMuscleSkin.vcxproj", "{79F11090-67BA-4FC6-B3D1-C3A1BA7E20FF}"
EndProject
Global
	GlobalSection(SolutionConfigurationPlatforms) = preSolution
		Debug|Win32 = Debug|Win32
		Release|Win32 = Release|Win32
	EndGlobalSection
	GlobalSection(ProjectConfigurationPlatforms) = postSolution
		{79F11090-67BA-4FC6-B3D1-C3A1BA7E20FF}.Debug|Win32.ActiveCfg = Debug|Win32
		{79F11090-67BA-4FC6-B3D1-C3A1BA7E20FF}.Debug|Win32.Build.0 = Debug|Win32
		{79F11090-67BA-4FC6-B3D1-C3A1BA7E20FF}.Release|Win32.ActiveCfg = Release|Win32
		{79F11090-67BA-4FC6-B3D1-C3A1BA7E20FF}.Release|Win32.Build.0 = Release|Win32
	EndGlobalSection
	GlobalSection(SolutionProperties) = preSolution
		HideSolutionNode = FALSE
	EndGlobalSection
EndGlobal
